
Microsoft Visual Studio Solution File, Format Version 12.00
# Visual Studio Version 16
VisualStudioVersion = 16.0.30114.105
MinimumVisualStudioVersion = 10.0.40219.1
Project("{FAE04EC0-301F-11D3-BF4B-00C04F79EFBC}") = "API", "API\API.csproj", "{8F503757-9F7F-496B-BFD1-B71CD566F9F3}"
EndProject
Project("{FAE04EC0-301F-11D3-BF4B-00C04F79EFBC}") = "Application", "Application\Application.csproj", "{D04F992E-0C78-4859-A92E-C2D83A60447D}"
EndProject
Project("{FAE04EC0-301F-11D3-BF4B-00C04F79EFBC}") = "Persistence", "Persistence\Persistence.csproj", "{710A62D7-784E-440F-9EA3-2A5A76F05745}"
EndProject
Project("{FAE04EC0-301F-11D3-BF4B-00C04F79EFBC}") = "Domain", "Domain\Domain.csproj", "{3AD58C6E-08A1-4434-AD50-5A9285D1E421}"
EndProject
Global
	GlobalSection(SolutionConfigurationPlatforms) = preSolution
		Debug|Any CPU = Debug|Any CPU
		Debug|x64 = Debug|x64
		Debug|x86 = Debug|x86
		Release|Any CPU = Release|Any CPU
		Release|x64 = Release|x64
		Release|x86 = Release|x86
	EndGlobalSection
	GlobalSection(SolutionProperties) = preSolution
		HideSolutionNode = FALSE
	EndGlobalSection
	GlobalSection(ProjectConfigurationPlatforms) = postSolution
		{8F503757-9F7F-496B-BFD1-B71CD566F9F3}.Debug|Any CPU.ActiveCfg = Debug|Any CPU
		{8F503757-9F7F-496B-BFD1-B71CD566F9F3}.Debug|Any CPU.Build.0 = Debug|Any CPU
		{8F503757-9F7F-496B-BFD1-B71CD566F9F3}.Debug|x64.ActiveCfg = Debug|Any CPU
		{8F503757-9F7F-496B-BFD1-B71CD566F9F3}.Debug|x64.Build.0 = Debug|Any CPU
		{8F503757-9F7F-496B-BFD1-B71CD566F9F3}.Debug|x86.ActiveCfg = Debug|Any CPU
		{8F503757-9F7F-496B-BFD1-B71CD566F9F3}.Debug|x86.Build.0 = Debug|Any CPU
		{8F503757-9F7F-496B-BFD1-B71CD566F9F3}.Release|Any CPU.ActiveCfg = Release|Any CPU
		{8F503757-9F7F-496B-BFD1-B71CD566F9F3}.Release|Any CPU.Build.0 = Release|Any CPU
		{8F503757-9F7F-496B-BFD1-B71CD566F9F3}.Release|x64.ActiveCfg = Release|Any CPU
		{8F503757-9F7F-496B-BFD1-B71CD566F9F3}.Release|x64.Build.0 = Release|Any CPU
		{8F503757-9F7F-496B-BFD1-B71CD566F9F3}.Release|x86.ActiveCfg = Release|Any CPU
		{8F503757-9F7F-496B-BFD1-B71CD566F9F3}.Release|x86.Build.0 = Release|Any CPU
		{D04F992E-0C78-4859-A92E-C2D83A60447D}.Debug|Any CPU.ActiveCfg = Debug|Any CPU
		{D04F992E-0C78-4859-A92E-C2D83A60447D}.Debug|Any CPU.Build.0 = Debug|Any CPU
		{D04F992E-0C78-4859-A92E-C2D83A60447D}.Debug|x64.ActiveCfg = Debug|Any CPU
		{D04F992E-0C78-4859-A92E-C2D83A60447D}.Debug|x64.Build.0 = Debug|Any CPU
		{D04F992E-0C78-4859-A92E-C2D83A60447D}.Debug|x86.ActiveCfg = Debug|Any CPU
		{D04F992E-0C78-4859-A92E-C2D83A60447D}.Debug|x86.Build.0 = Debug|Any CPU
		{D04F992E-0C78-4859-A92E-C2D83A60447D}.Release|Any CPU.ActiveCfg = Release|Any CPU
		{D04F992E-0C78-4859-A92E-C2D83A60447D}.Release|Any CPU.Build.0 = Release|Any CPU
		{D04F992E-0C78-4859-A92E-C2D83A60447D}.Release|x64.ActiveCfg = Release|Any CPU
		{D04F992E-0C78-4859-A92E-C2D83A60447D}.Release|x64.Build.0 = Release|Any CPU
		{D04F992E-0C78-4859-A92E-C2D83A60447D}.Release|x86.ActiveCfg = Release|Any CPU
		{D04F992E-0C78-4859-A92E-C2D83A60447D}.Release|x86.Build.0 = Release|Any CPU
		{710A62D7-784E-440F-9EA3-2A5A76F05745}.Debug|Any CPU.ActiveCfg = Debug|Any CPU
		{710A62D7-784E-440F-9EA3-2A5A76F05745}.Debug|Any CPU.Build.0 = Debug|Any CPU
		{710A62D7-784E-440F-9EA3-2A5A76F05745}.Debug|x64.ActiveCfg = Debug|Any CPU
		{710A62D7-784E-440F-9EA3-2A5A76F05745}.Debug|x64.Build.0 = Debug|Any CPU
		{710A62D7-784E-440F-9EA3-2A5A76F05745}.Debug|x86.ActiveCfg = Debug|Any CPU
		{710A62D7-784E-440F-9EA3-2A5A76F05745}.Debug|x86.Build.0 = Debug|Any CPU
		{710A62D7-784E-440F-9EA3-2A5A76F05745}.Release|Any CPU.ActiveCfg = Release|Any CPU
		{710A62D7-784E-440F-9EA3-2A5A76F05745}.Release|Any CPU.Build.0 = Release|Any CPU
		{710A62D7-784E-440F-9EA3-2A5A76F05745}.Release|x64.ActiveCfg = Release|Any CPU
		{710A62D7-784E-440F-9EA3-2A5A76F05745}.Release|x64.Build.0 = Release|Any CPU
		{710A62D7-784E-440F-9EA3-2A5A76F05745}.Release|x86.ActiveCfg = Release|Any CPU
		{710A62D7-784E-440F-9EA3-2A5A76F05745}.Release|x86.Build.0 = Release|Any CPU
		{3AD58C6E-08A1-4434-AD50-5A9285D1E421}.Debug|Any CPU.ActiveCfg = Debug|Any CPU
		{3AD58C6E-08A1-4434-AD50-5A9285D1E421}.Debug|Any CPU.Build.0 = Debug|Any CPU
		{3AD58C6E-08A1-4434-AD50-5A9285D1E421}.Debug|x64.ActiveCfg = Debug|Any CPU
		{3AD58C6E-08A1-4434-AD50-5A9285D1E421}.Debug|x64.Build.0 = Debug|Any CPU
		{3AD58C6E-08A1-4434-AD50-5A9285D1E421}.Debug|x86.ActiveCfg = Debug|Any CPU
		{3AD58C6E-08A1-4434-AD50-5A9285D1E421}.Debug|x86.Build.0 = Debug|Any CPU
		{3AD58C6E-08A1-4434-AD50-5A9285D1E421}.Release|Any CPU.ActiveCfg = Release|Any CPU
		{3AD58C6E-08A1-4434-AD50-5A9285D1E421}.Release|Any CPU.Build.0 = Release|Any CPU
		{3AD58C6E-08A1-4434-AD50-5A9285D1E421}.Release|x64.ActiveCfg = Release|Any CPU
		{3AD58C6E-08A1-4434-AD50-5A9285D1E421}.Release|x64.Build.0 = Release|Any CPU
		{3AD58C6E-08A1-4434-AD50-5A9285D1E421}.Release|x86.ActiveCfg = Release|Any CPU
		{3AD58C6E-08A1-4434-AD50-5A9285D1E421}.Release|x86.Build.0 = Release|Any CPU
	EndGlobalSection
EndGlobal
